// !$*UTF8*$!
{
	archiveVersion = 1;
	classes = {
	};
	objectVersion = 46;
	objects = {

/* Begin PBXBuildFile section */
		9A686A8F5EF8B4649923840D /* libPods.a in Frameworks */ = {isa = PBXBuildFile; fileRef = E6AA93518EC8B84E45A994B5 /* libPods.a */; };
		E48839361C99A27300163BA0 /* main.m in Sources */ = {isa = PBXBuildFile; fileRef = E48839351C99A27300163BA0 /* main.m */; };
		E48839391C99A27300163BA0 /* AppDelegate.m in Sources */ = {isa = PBXBuildFile; fileRef = E48839381C99A27300163BA0 /* AppDelegate.m */; };
		E488393C1C99A27300163BA0 /* ViewController.m in Sources */ = {isa = PBXBuildFile; fileRef = E488393B1C99A27300163BA0 /* ViewController.m */; };
		E488393F1C99A27300163BA0 /* Main.storyboard in Resources */ = {isa = PBXBuildFile; fileRef = E488393D1C99A27300163BA0 /* Main.storyboard */; };
		E48839411C99A27300163BA0 /* Assets.xcassets in Resources */ = {isa = PBXBuildFile; fileRef = E48839401C99A27300163BA0 /* Assets.xcassets */; };
		E48839441C99A27300163BA0 /* LaunchScreen.storyboard in Resources */ = {isa = PBXBuildFile; fileRef = E48839421C99A27300163BA0 /* LaunchScreen.storyboard */; };
		E488394D1C99A65700163BA0 /* DataBase.m in Sources */ = {isa = PBXBuildFile; fileRef = E488394C1C99A65700163BA0 /* DataBase.m */; };
/* End PBXBuildFile section */

/* Begin PBXFileReference section */
		4BAB4FB97409B78CB4591D5C /* Pods.debug.xcconfig */ = {isa = PBXFileReference; includeInIndex = 1; lastKnownFileType = text.xcconfig; name = Pods.debug.xcconfig; path = "Pods/Target Support Files/Pods/Pods.debug.xcconfig"; sourceTree = "<group>"; };
		9C97AAD5D0C8AF227F16A3B3 /* Pods.release.xcconfig */ = {isa = PBXFileReference; includeInIndex = 1; lastKnownFileType = text.xcconfig; name = Pods.release.xcconfig; path = "Pods/Target Support Files/Pods/Pods.release.xcconfig"; sourceTree = "<group>"; };
		E48839311C99A27300163BA0 /* 测试FMDB.app */ = {isa = PBXFileReference; explicitFileType = wrapper.application; includeInIndex = 0; path = "测试FMDB.app"; sourceTree = BUILT_PRODUCTS_DIR; };
		E48839351C99A27300163BA0 /* main.m */ = {isa = PBXFileReference; lastKnownFileType = sourcecode.c.objc; path = main.m; sourceTree = "<group>"; };
		E48839371C99A27300163BA0 /* AppDelegate.h */ = {isa = PBXFileReference; lastKnownFileType = sourcecode.c.h; path = AppDelegate.h; sourceTree = "<group>"; };
		E48839381C99A27300163BA0 /* AppDelegate.m */ = {isa = PBXFileReference; lastKnownFileType = sourcecode.c.objc; path = AppDelegate.m; sourceTree = "<group>"; };
		E488393A1C99A27300163BA0 /* ViewController.h */ = {isa = PBXFileReference; lastKnownFileType = sourcecode.c.h; path = ViewController.h; sourceTree = "<group>"; };
		E488393B1C99A27300163BA0 /* ViewController.m */ = {isa = PBXFileReference; lastKnownFileType = sourcecode.c.objc; path = ViewController.m; sourceTree = "<group>"; };
		E488393E1C99A27300163BA0 /* Base */ = {isa = PBXFileReference; lastKnownFileType = file.storyboard; name = Base; path = Base.lproj/Main.storyboard; sourceTree = "<group>"; };
		E48839401C99A27300163BA0 /* Assets.xcassets */ = {isa = PBXFileReference; lastKnownFileType = folder.assetcatalog; path = Assets.xcassets; sourceTree = "<group>"; };
		E48839431C99A27300163BA0 /* Base */ = {isa = PBXFileReference; lastKnownFileType = file.storyboard; name = Base; path = Base.lproj/LaunchScreen.storyboard; sourceTree = "<group>"; };
		E48839451C99A27300163BA0 /* Info.plist */ = {isa = PBXFileReference; lastKnownFileType = text.plist.xml; path = Info.plist; sourceTree = "<group>"; };
		E488394B1C99A65700163BA0 /* DataBase.h */ = {isa = PBXFileReference; fileEncoding = 4; lastKnownFileType = sourcecode.c.h; path = DataBase.h; sourceTree = "<group>"; };
		E488394C1C99A65700163BA0 /* DataBase.m */ = {isa = PBXFileReference; fileEncoding = 4; lastKnownFileType = sourcecode.c.objc; path = DataBase.m; sourceTree = "<group>"; };
		E6AA93518EC8B84E45A994B5 /* libPods.a */ = {isa = PBXFileReference; explicitFileType = archive.ar; includeInIndex = 0; path = libPods.a; sourceTree = BUILT_PRODUCTS_DIR; };
/* End PBXFileReference section */

/* Begin PBXFrameworksBuildPhase section */
		E488392E1C99A27300163BA0 /* Frameworks */ = {
			isa = PBXFrameworksBuildPhase;
			buildActionMask = 2147483647;
			files = (
				9A686A8F5EF8B4649923840D /* libPods.a in Frameworks */,
			);
			runOnlyForDeploymentPostprocessing = 0;
		};
/* End PBXFrameworksBuildPhase section */

/* Begin PBXGroup section */
		5A6FA8E73C8F62DD18F7680A /* Pods */ = {
			isa = PBXGroup;
			children = (
				4BAB4FB97409B78CB4591D5C /* Pods.debug.xcconfig */,
				9C97AAD5D0C8AF227F16A3B3 /* Pods.release.xcconfig */,
			);
			name = Pods;
			sourceTree = "<group>";
		};
		8E16FA94F9F8847573E9A92B /* Frameworks */ = {
			isa = PBXGroup;
			children = (
				E6AA93518EC8B84E45A994B5 /* libPods.a */,
			);
			name = Frameworks;
			sourceTree = "<group>";
		};
		E48839281C99A27300163BA0 = {
			isa = PBXGroup;
			children = (
				E48839331C99A27300163BA0 /* 测试FMDB */,
				E48839321C99A27300163BA0 /* Products */,
				5A6FA8E73C8F62DD18F7680A /* Pods */,
				8E16FA94F9F8847573E9A92B /* Frameworks */,
			);
			sourceTree = "<group>";
		};
		E48839321C99A27300163BA0 /* Products */ = {
			isa = PBXGroup;
			children = (
				E48839311C99A27300163BA0 /* 测试FMDB.app */,
			);
			name = Products;
			sourceTree = "<group>";
		};
		E48839331C99A27300163BA0 /* 测试FMDB */ = {
			isa = PBXGroup;
			children = (
				E488394B1C99A65700163BA0 /* DataBase.h */,
				E488394C1C99A65700163BA0 /* DataBase.m */,
				E48839371C99A27300163BA0 /* AppDelegate.h */,
				E48839381C99A27300163BA0 /* AppDelegate.m */,
				E488393A1C99A27300163BA0 /* ViewController.h */,
				E488393B1C99A27300163BA0 /* ViewController.m */,
				E488393D1C99A27300163BA0 /* Main.storyboard */,
				E48839401C99A27300163BA0 /* Assets.xcassets */,
				E48839421C99A27300163BA0 /* LaunchScreen.storyboard */,
				E48839451C99A27300163BA0 /* Info.plist */,
				E48839341C99A27300163BA0 /* Supporting Files */,
			);
			path = "测试FMDB";
			sourceTree = "<group>";
		};
		E48839341C99A27300163BA0 /* Supporting Files */ = {
			isa = PBXGroup;
			children = (
				E48839351C99A27300163BA0 /* main.m */,
			);
			name = "Supporting Files";
			sourceTree = "<group>";
		};
/* End PBXGroup section */

/* Begin PBXNativeTarget section */
		E48839301C99A27300163BA0 /* 测试FMDB */ = {
			isa = PBXNativeTarget;
			buildConfigurationList = E48839481C99A27300163BA0 /* Build configuration list for PBXNativeTarget "测试FMDB" */;
			buildPhases = (
				C7FB62473F0C7EDFF2DFF759 /* Check Pods Manifest.lock */,
				E488392D1C99A27300163BA0 /* Sources */,
				E488392E1C99A27300163BA0 /* Frameworks */,
				E488392F1C99A27300163BA0 /* Resources */,
				D60EB7B2F91EEB67460B2C50 /* Embed Pods Frameworks */,
				49ECBE8CEAD9E6E9FF1F88CB /* Copy Pods Resources */,
			);
			buildRules = (
			);
			dependencies = (
			);
			name = "测试FMDB";
			productName = "测试FMDB";
			productReference = E48839311C99A27300163BA0 /* 测试FMDB.app */;
			productType = "com.apple.product-type.application";
		};
/* End PBXNativeTarget section */

/* Begin PBXProject section */
		E48839291C99A27300163BA0 /* Project object */ = {
			isa = PBXProject;
			attributes = {
				LastUpgradeCheck = 0720;
				ORGANIZATIONNAME = "beike柯";
				TargetAttributes = {
					E48839301C99A27300163BA0 = {
						CreatedOnToolsVersion = 7.2.1;
					};
				};
			};
			buildConfigurationList = E488392C1C99A27300163BA0 /* Build configuration list for PBXProject "测试FMDB" */;
			compatibilityVersion = "Xcode 3.2";
			developmentRegion = English;
			hasScannedForEncodings = 0;
			knownRegions = (
				en,
				Base,
			);
			mainGroup = E48839281C99A27300163BA0;
			productRefGroup = E48839321C99A27300163BA0 /* Products */;
			projectDirPath = "";
			projectRoot = "";
			targets = (
				E48839301C99A27300163BA0 /* 测试FMDB */,
			);
		};
/* End PBXProject section */

/* Begin PBXResourcesBuildPhase section */
		E488392F1C99A27300163BA0 /* Resources */ = {
			isa = PBXResourcesBuildPhase;
			buildActionMask = 2147483647;
			files = (
				E48839441C99A27300163BA0 /* LaunchScreen.storyboard in Resources */,
				E48839411C99A27300163BA0 /* Assets.xcassets in Resources */,
				E488393F1C99A27300163BA0 /* Main.storyboard in Resources */,
			);
			runOnlyForDeploymentPostprocessing = 0;
		};
/* End PBXResourcesBuildPhase section */

/* Begin PBXShellScriptBuildPhase section */
		49ECBE8CEAD9E6E9FF1F88CB /* Copy Pods Resources */ = {
			isa = PBXShellScriptBuildPhase;
			buildActionMask = 2147483647;
			files = (
			);
			inputPaths = (
			);
			name = "Copy Pods Resources";
			outputPaths = (
			);
			runOnlyForDeploymentPostprocessing = 0;
			shellPath = /bin/sh;
			shellScript = "\"${SRCROOT}/Pods/Target Support Files/Pods/Pods-resources.sh\"\n";
			showEnvVarsInLog = 0;
		};
		C7FB62473F0C7EDFF2DFF759 /* Check Pods Manifest.lock */ = {
			isa = PBXShellScriptBuildPhase;
			buildActionMask = 2147483647;
			files = (
			);
			inputPaths = (
			);
			name = "Check Pods Manifest.lock";
			outputPaths = (
			);
			runOnlyForDeploymentPostprocessing = 0;
			shellPath = /bin/sh;
			shellScript = "diff \"${PODS_ROOT}/../Podfile.lock\" \"${PODS_ROOT}/Manifest.lock\" > /dev/null\nif [[ $? != 0 ]] ; then\n    cat << EOM\nerror: The sandbox is not in sync with the Podfile.lock. Run 'pod install' or update your CocoaPods installation.\nEOM\n    exit 1\nfi\n";
			showEnvVarsInLog = 0;
		};
		D60EB7B2F91EEB67460B2C50 /* Embed Pods Frameworks */ = {
			isa = PBXShellScriptBuildPhase;
			buildActionMask = 2147483647;
			files = (
			);
			inputPaths = (
			);
			name = "Embed Pods Frameworks";
			outputPaths = (
			);
			runOnlyForDeploymentPostprocessing = 0;
			shellPath = /bin/sh;
			shellScript = "\"${SRCROOT}/Pods/Target Support Files/Pods/Pods-frameworks.sh\"\n";
			showEnvVarsInLog = 0;
		};
/* End PBXShellScriptBuildPhase section */

/* Begin PBXSourcesBuildPhase section */
		E488392D1C99A27300163BA0 /* Sources */ = {
			isa = PBXSourcesBuildPhase;
			buildActionMask = 2147483647;
			files = (
				E488393C1C99A27300163BA0 /* ViewController.m in Sources */,
				E48839391C99A27300163BA0 /* AppDelegate.m in Sources */,
				E488394D1C99A65700163BA0 /* DataBase.m in Sources */,
				E48839361C99A27300163BA0 /* main.m in Sources */,
			);
			runOnlyForDeploymentPostprocessing = 0;
		};
/* End PBXSourcesBuildPhase section */

/* Begin PBXVariantGroup section */
		E488393D1C99A27300163BA0 /* Main.storyboard */ = {
			isa = PBXVariantGroup;
			children = (
				E488393E1C99A27300163BA0 /* Base */,
			);
			name = Main.storyboard;
			sourceTree = "<group>";
		};
		E48839421C99A27300163BA0 /* LaunchScreen.storyboard */ = {
			isa = PBXVariantGroup;
			children = (
				E48839431C99A27300163BA0 /* Base */,
			);
			name = LaunchScreen.storyboard;
			sourceTree = "<group>";
		};
/* End PBXVariantGroup section */

/* Begin XCBuildConfiguration section */
		E48839461C99A27300163BA0 /* Debug */ = {
			isa = XCBuildConfiguration;
			buildSettings = {
				ALWAYS_SEARCH_USER_PATHS = NO;
				CLANG_CXX_LANGUAGE_STANDARD = "gnu++0x";
				CLANG_CXX_LIBRARY = "libc++";
				CLANG_ENABLE_MODULES = YES;
				CLANG_ENABLE_OBJC_ARC = YES;
				CLANG_WARN_BOOL_CONVERSION = YES;
				CLANG_WARN_CONSTANT_CONVERSION = YES;
				CLANG_WARN_DIRECT_OBJC_ISA_USAGE = YES_ERROR;
				CLANG_WARN_EMPTY_BODY = YES;
				CLANG_WARN_ENUM_CONVERSION = YES;
				CLANG_WARN_INT_CONVERSION = YES;
				CLANG_WARN_OBJC_ROOT_CLASS = YES_ERROR;
				CLANG_WARN_UNREACHABLE_CODE = YES;
				CLANG_WARN__DUPLICATE_METHOD_MATCH = YES;
				"CODE_SIGN_IDENTITY[sdk=iphoneos*]" = "iPhone Developer";
				COPY_PHASE_STRIP = NO;
				DEBUG_INFORMATION_FORMAT = dwarf;
				ENABLE_STRICT_OBJC_MSGSEND = YES;
				ENABLE_TESTABILITY = YES;
				GCC_C_LANGUAGE_STANDARD = gnu99;
				GCC_DYNAMIC_NO_PIC = NO;
				GCC_NO_COMMON_BLOCKS = YES;
				GCC_OPTIMIZATION_LEVEL = 0;
				GCC_PREPROCESSOR_DEFINITIONS = (
					"DEBUG=1",
					"$(inherited)",
				);
				GCC_WARN_64_TO_32_BIT_CONVERSION = YES;
				GCC_WARN_ABOUT_RETURN_TYPE = YES_ERROR;
				GCC_WARN_UNDECLARED_SELECTOR = YES;
				GCC_WARN_UNINITIALIZED_AUTOS = YES_AGGRESSIVE;
				GCC_WARN_UNUSED_FUNCTION = YES;
				GCC_WARN_UNUSED_VARIABLE = YES;
				IPHONEOS_DEPLOYMENT_TARGET = 9.2;
				MTL_ENABLE_DEBUG_INFO = YES;
				ONLY_ACTIVE_ARCH = YES;
				SDKROOT = iphoneos;
				TARGETED_DEVICE_FAMILY = "1,2";
			};
			name = Debug;
		};
		E48839471C99A27300163BA0 /* Release */ = {
			isa = XCBuildConfiguration;
			buildSettings = {
				ALWAYS_SEARCH_USER_PATHS = NO;
				CLANG_CXX_LANGUAGE_STANDARD = "gnu++0x";
				CLANG_CXX_LIBRARY = "libc++";
				CLANG_ENABLE_MODULES = YES;
				CLANG_ENABLE_OBJC_ARC = YES;
				CLANG_WARN_BOOL_CONVERSION = YES;
				CLANG_WARN_CONSTANT_CONVERSION = YES;
				CLANG_WARN_DIRECT_OBJC_ISA_USAGE = YES_ERROR;
				CLANG_WARN_EMPTY_BODY = YES;
				CLANG_WARN_ENUM_CONVERSION = YES;
				CLANG_WARN_INT_CONVERSION = YES;
				CLANG_WARN_OBJC_ROOT_CLASS = YES_ERROR;
				CLANG_WARN_UNREACHABLE_CODE = YES;
				CLANG_WARN__DUPLICATE_METHOD_MATCH = YES;
				"CODE_SIGN_IDENTITY[sdk=iphoneos*]" = "iPhone Developer";
				COPY_PHASE_STRIP = NO;
				DEBUG_INFORMATION_FORMAT = "dwarf-with-dsym";
				ENABLE_NS_ASSERTIONS = NO;
				ENABLE_STRICT_OBJC_MSGSEND = YES;
				GCC_C_LANGUAGE_STANDARD = gnu99;
				GCC_NO_COMMON_BLOCKS = YES;
				GCC_WARN_64_TO_32_BIT_CONVERSION = YES;
				GCC_WARN_ABOUT_RETURN_TYPE = YES_ERROR;
				GCC_WARN_UNDECLARED_SELECTOR = YES;
				GCC_WARN_UNINITIALIZED_AUTOS = YES_AGGRESSIVE;
				GCC_WARN_UNUSED_FUNCTION = YES;
				GCC_WARN_UNUSED_VARIABLE = YES;
				IPHONEOS_DEPLOYMENT_TARGET = 9.2;
				MTL_ENABLE_DEBUG_INFO = NO;
				SDKROOT = iphoneos;
				TARGETED_DEVICE_FAMILY = "1,2";
				VALIDATE_PRODUCT = YES;
			};
			name = Release;
		};
		E48839491C99A27300163BA0 /* Debug */ = {
			isa = XCBuildConfiguration;
			baseConfigurationReference = 4BAB4FB97409B78CB4591D5C /* Pods.debug.xcconfig */;
			buildSettings = {
				ASSETCATALOG_COMPILER_APPICON_NAME = AppIcon;
				INFOPLIST_FILE = "测试FMDB/Info.plist";
				LD_RUNPATH_SEARCH_PATHS = "$(inherited) @executable_path/Frameworks";
				PRODUCT_BUNDLE_IDENTIFIER = "zhuke.--FMDB";
				PRODUCT_NAME = "$(TARGET_NAME)";
				USER_HEADER_SEARCH_PATHS = "$(SRCROOT)/**";
			};
			name = Debug;
		};
		E488394A1C99A27300163BA0 /* Release */ = {
			isa = XCBuildConfiguration;
			baseConfigurationReference = 9C97AAD5D0C8AF227F16A3B3 /* Pods.release.xcconfig */;
			buildSettings = {
				ASSETCATALOG_COMPILER_APPICON_NAME = AppIcon;
				INFOPLIST_FILE = "测试FMDB/Info.plist";
				LD_RUNPATH_SEARCH_PATHS = "$(inherited) @executable_path/Frameworks";
				PRODUCT_BUNDLE_IDENTIFIER = "zhuke.--FMDB";
				PRODUCT_NAME = "$(TARGET_NAME)";
				USER_HEADER_SEARCH_PATHS = "$(SRCROOT)/**";
			};
			name = Release;
		};
/* End XCBuildConfiguration section */

/* Begin XCConfigurationList section */
		E488392C1C99A27300163BA0 /* Build configuration list for PBXProject "测试FMDB" */ = {
			isa = XCConfigurationList;
			buildConfigurations = (
				E48839461C99A27300163BA0 /* Debug */,
				E48839471C99A27300163BA0 /* Release */,
			);
			defaultConfigurationIsVisible = 0;
			defaultConfigurationName = Release;
		};
		E48839481C99A27300163BA0 /* Build configuration list for PBXNativeTarget "测试FMDB" */ = {
			isa = XCConfigurationList;
			buildConfigurations = (
				E48839491C99A27300163BA0 /* Debug */,
				E488394A1C99A27300163BA0 /* Release */,
			);
			defaultConfigurationIsVisible = 0;
			defaultConfigurationName = Release;
		};
/* End XCConfigurationList section */
	};
	rootObject = E48839291C99A27300163BA0 /* Project object */;
}
